
Microsoft Visual Studio Solution File, Format Version 12.00
# Visual Studio 14
VisualStudioVersion = 14.0.25420.1
MinimumVisualStudioVersion = 10.0.40219.1
Project("{FAE04EC0-301F-11D3-BF4B-00C04F79EFBC}") = "Spoj1Divisor Summation", "Spoj1Divisor Summation\Spoj1Divisor Summation.csproj", "{7A805E11-0D92-45D8-B355-17769F2FC10E}"
EndProject
Project("{FAE04EC0-301F-11D3-BF4B-00C04F79EFBC}") = "Spoj1Divisor SummationTests", "Spoj1Divisor SummationTests\Spoj1Divisor SummationTests.csproj", "{A33C7B9E-E523-4DF7-ACA5-3EBDE3617ABE}"
EndProject
Global
	GlobalSection(SolutionConfigurationPlatforms) = preSolution
		Debug|Any CPU = Debug|Any CPU
		Release|Any CPU = Release|Any CPU
	EndGlobalSection
	GlobalSection(ProjectConfigurationPlatforms) = postSolution
		{7A805E11-0D92-45D8-B355-17769F2FC10E}.Debug|Any CPU.ActiveCfg = Debug|Any CPU
		{7A805E11-0D92-45D8-B355-17769F2FC10E}.Debug|Any CPU.Build.0 = Debug|Any CPU
		{7A805E11-0D92-45D8-B355-17769F2FC10E}.Release|Any CPU.ActiveCfg = Release|Any CPU
		{7A805E11-0D92-45D8-B355-17769F2FC10E}.Release|Any CPU.Build.0 = Release|Any CPU
		{A33C7B9E-E523-4DF7-ACA5-3EBDE3617ABE}.Debug|Any CPU.ActiveCfg = Debug|Any CPU
		{A33C7B9E-E523-4DF7-ACA5-3EBDE3617ABE}.Debug|Any CPU.Build.0 = Debug|Any CPU
		{A33C7B9E-E523-4DF7-ACA5-3EBDE3617ABE}.Release|Any CPU.ActiveCfg = Release|Any CPU
		{A33C7B9E-E523-4DF7-ACA5-3EBDE3617ABE}.Release|Any CPU.Build.0 = Release|Any CPU
	EndGlobalSection
	GlobalSection(SolutionProperties) = preSolution
		HideSolutionNode = FALSE
	EndGlobalSection
EndGlobal
